
Microsoft Visual Studio Solution File, Format Version 12.00
# Visual Studio Version 16
VisualStudioVersion = 16.0.31729.503
MinimumVisualStudioVersion = 10.0.40219.1
Project("{FAE04EC0-301F-11D3-BF4B-00C04F79EFBC}") = "zgadula", "zgadula.csproj", "{8F47F5D4-96CA-4490-A74E-35F29893FF9C}"
EndProject
Global
	GlobalSection(SolutionConfigurationPlatforms) = preSolution
		Debug|Any CPU = Debug|Any CPU
		Release|Any CPU = Release|Any CPU
	EndGlobalSection
	GlobalSection(ProjectConfigurationPlatforms) = postSolution
		{8F47F5D4-96CA-4490-A74E-35F29893FF9C}.Debug|Any CPU.ActiveCfg = Debug|Any CPU
		{8F47F5D4-96CA-4490-A74E-35F29893FF9C}.Debug|Any CPU.Build.0 = Debug|Any CPU
		{8F47F5D4-96CA-4490-A74E-35F29893FF9C}.Release|Any CPU.ActiveCfg = Release|Any CPU
		{8F47F5D4-96CA-4490-A74E-35F29893FF9C}.Release|Any CPU.Build.0 = Release|Any CPU
	EndGlobalSection
	GlobalSection(SolutionProperties) = preSolution
		HideSolutionNode = FALSE
	EndGlobalSection
	GlobalSection(ExtensibilityGlobals) = postSolution
		SolutionGuid = {C2C8B5CC-4085-4D5B-ADAA-ADE0208C72A8}
	EndGlobalSection
EndGlobal
